
Microsoft Visual Studio Solution File, Format Version 12.00
# Visual Studio 14
VisualStudioVersion = 14.0.25420.1
MinimumVisualStudioVersion = 10.0.40219.1
Project("{FAE04EC0-301F-11D3-BF4B-00C04F79EFBC}") = "Aves.Droid", "Aves\Aves.Droid\Aves.Droid.csproj", "{7243B71C-5709-4646-B70D-CA2911C03F45}"
EndProject
Project("{FAE04EC0-301F-11D3-BF4B-00C04F79EFBC}") = "Aves.iOS", "Aves\Aves.iOS\Aves.iOS.csproj", "{054532D2-9082-424B-97F1-D29A586603DE}"
EndProject
Project("{FAE04EC0-301F-11D3-BF4B-00C04F79EFBC}") = "Aves.WinPhone", "Aves\Aves.WinPhone\Aves.WinPhone.csproj", "{3E71C6A7-91AD-4263-A7D7-0B9597B60CEE}"
EndProject
Project("{FAE04EC0-301F-11D3-BF4B-00C04F79EFBC}") = "Aves", "Aves\Aves\Aves.csproj", "{AC881C70-4AB4-4753-B08A-4AACABCDB48F}"
EndProject
Global
	GlobalSection(SolutionConfigurationPlatforms) = preSolution
		Debug|Any CPU = Debug|Any CPU
		Debug|ARM = Debug|ARM
		Debug|iPhone = Debug|iPhone
		Debug|iPhoneSimulator = Debug|iPhoneSimulator
		Debug|x86 = Debug|x86
		Release|Any CPU = Release|Any CPU
		Release|ARM = Release|ARM
		Release|iPhone = Release|iPhone
		Release|iPhoneSimulator = Release|iPhoneSimulator
		Release|x86 = Release|x86
	EndGlobalSection
	GlobalSection(ProjectConfigurationPlatforms) = postSolution
		{7243B71C-5709-4646-B70D-CA2911C03F45}.Debug|Any CPU.ActiveCfg = Debug|Any CPU
		{7243B71C-5709-4646-B70D-CA2911C03F45}.Debug|Any CPU.Build.0 = Debug|Any CPU
		{7243B71C-5709-4646-B70D-CA2911C03F45}.Debug|Any CPU.Deploy.0 = Debug|Any CPU
		{7243B71C-5709-4646-B70D-CA2911C03F45}.Debug|ARM.ActiveCfg = Debug|Any CPU
		{7243B71C-5709-4646-B70D-CA2911C03F45}.Debug|ARM.Build.0 = Debug|Any CPU
		{7243B71C-5709-4646-B70D-CA2911C03F45}.Debug|ARM.Deploy.0 = Debug|Any CPU
		{7243B71C-5709-4646-B70D-CA2911C03F45}.Debug|iPhone.ActiveCfg = Debug|Any CPU
		{7243B71C-5709-4646-B70D-CA2911C03F45}.Debug|iPhone.Build.0 = Debug|Any CPU
		{7243B71C-5709-4646-B70D-CA2911C03F45}.Debug|iPhone.Deploy.0 = Debug|Any CPU
		{7243B71C-5709-4646-B70D-CA2911C03F45}.Debug|iPhoneSimulator.ActiveCfg = Debug|Any CPU
		{7243B71C-5709-4646-B70D-CA2911C03F45}.Debug|iPhoneSimulator.Build.0 = Debug|Any CPU
		{7243B71C-5709-4646-B70D-CA2911C03F45}.Debug|iPhoneSimulator.Deploy.0 = Debug|Any CPU
		{7243B71C-5709-4646-B70D-CA2911C03F45}.Debug|x86.ActiveCfg = Debug|Any CPU
		{7243B71C-5709-4646-B70D-CA2911C03F45}.Debug|x86.Build.0 = Debug|Any CPU
		{7243B71C-5709-4646-B70D-CA2911C03F45}.Debug|x86.Deploy.0 = Debug|Any CPU
		{7243B71C-5709-4646-B70D-CA2911C03F45}.Release|Any CPU.ActiveCfg = Release|Any CPU
		{7243B71C-5709-4646-B70D-CA2911C03F45}.Release|Any CPU.Build.0 = Release|Any CPU
		{7243B71C-5709-4646-B70D-CA2911C03F45}.Release|Any CPU.Deploy.0 = Release|Any CPU
		{7243B71C-5709-4646-B70D-CA2911C03F45}.Release|ARM.ActiveCfg = Release|Any CPU
		{7243B71C-5709-4646-B70D-CA2911C03F45}.Release|ARM.Build.0 = Release|Any CPU
		{7243B71C-5709-4646-B70D-CA2911C03F45}.Release|ARM.Deploy.0 = Release|Any CPU
		{7243B71C-5709-4646-B70D-CA2911C03F45}.Release|iPhone.ActiveCfg = Release|Any CPU
		{7243B71C-5709-4646-B70D-CA2911C03F45}.Release|iPhone.Build.0 = Release|Any CPU
		{7243B71C-5709-4646-B70D-CA2911C03F45}.Release|iPhone.Deploy.0 = Release|Any CPU
		{7243B71C-5709-4646-B70D-CA2911C03F45}.Release|iPhoneSimulator.ActiveCfg = Release|Any CPU
		{7243B71C-5709-4646-B70D-CA2911C03F45}.Release|iPhoneSimulator.Build.0 = Release|Any CPU
		{7243B71C-5709-4646-B70D-CA2911C03F45}.Release|iPhoneSimulator.Deploy.0 = Release|Any CPU
		{7243B71C-5709-4646-B70D-CA2911C03F45}.Release|x86.ActiveCfg = Release|Any CPU
		{7243B71C-5709-4646-B70D-CA2911C03F45}.Release|x86.Build.0 = Release|Any CPU
		{7243B71C-5709-4646-B70D-CA2911C03F45}.Release|x86.Deploy.0 = Release|Any CPU
		{054532D2-9082-424B-97F1-D29A586603DE}.Debug|Any CPU.ActiveCfg = Debug|iPhone
		{054532D2-9082-424B-97F1-D29A586603DE}.Debug|ARM.ActiveCfg = Debug|iPhone
		{054532D2-9082-424B-97F1-D29A586603DE}.Debug|iPhone.ActiveCfg = Debug|iPhone
		{054532D2-9082-424B-97F1-D29A586603DE}.Debug|iPhone.Build.0 = Debug|iPhone
		{054532D2-9082-424B-97F1-D29A586603DE}.Debug|iPhoneSimulator.ActiveCfg = Debug|iPhoneSimulator
		{054532D2-9082-424B-97F1-D29A586603DE}.Debug|iPhoneSimulator.Build.0 = Debug|iPhoneSimulator
		{054532D2-9082-424B-97F1-D29A586603DE}.Debug|x86.ActiveCfg = Debug|iPhone
		{054532D2-9082-424B-97F1-D29A586603DE}.Release|Any CPU.ActiveCfg = Release|iPhone
		{054532D2-9082-424B-97F1-D29A586603DE}.Release|ARM.ActiveCfg = Release|iPhone
		{054532D2-9082-424B-97F1-D29A586603DE}.Release|iPhone.ActiveCfg = Release|iPhone
		{054532D2-9082-424B-97F1-D29A586603DE}.Release|iPhone.Build.0 = Release|iPhone
		{054532D2-9082-424B-97F1-D29A586603DE}.Release|iPhoneSimulator.ActiveCfg = Release|iPhoneSimulator
		{054532D2-9082-424B-97F1-D29A586603DE}.Release|iPhoneSimulator.Build.0 = Release|iPhoneSimulator
		{054532D2-9082-424B-97F1-D29A586603DE}.Release|x86.ActiveCfg = Release|iPhone
		{3E71C6A7-91AD-4263-A7D7-0B9597B60CEE}.Debug|Any CPU.ActiveCfg = Debug|Any CPU
		{3E71C6A7-91AD-4263-A7D7-0B9597B60CEE}.Debug|ARM.ActiveCfg = Debug|ARM
		{3E71C6A7-91AD-4263-A7D7-0B9597B60CEE}.Debug|ARM.Build.0 = Debug|ARM
		{3E71C6A7-91AD-4263-A7D7-0B9597B60CEE}.Debug|ARM.Deploy.0 = Debug|ARM
		{3E71C6A7-91AD-4263-A7D7-0B9597B60CEE}.Debug|iPhone.ActiveCfg = Debug|Any CPU
		{3E71C6A7-91AD-4263-A7D7-0B9597B60CEE}.Debug|iPhone.Build.0 = Debug|Any CPU
		{3E71C6A7-91AD-4263-A7D7-0B9597B60CEE}.Debug|iPhone.Deploy.0 = Debug|Any CPU
		{3E71C6A7-91AD-4263-A7D7-0B9597B60CEE}.Debug|iPhoneSimulator.ActiveCfg = Debug|Any CPU
		{3E71C6A7-91AD-4263-A7D7-0B9597B60CEE}.Debug|iPhoneSimulator.Build.0 = Debug|Any CPU
		{3E71C6A7-91AD-4263-A7D7-0B9597B60CEE}.Debug|iPhoneSimulator.Deploy.0 = Debug|Any CPU
		{3E71C6A7-91AD-4263-A7D7-0B9597B60CEE}.Debug|x86.ActiveCfg = Debug|x86
		{3E71C6A7-91AD-4263-A7D7-0B9597B60CEE}.Debug|x86.Build.0 = Debug|x86
		{3E71C6A7-91AD-4263-A7D7-0B9597B60CEE}.Debug|x86.Deploy.0 = Debug|x86
		{3E71C6A7-91AD-4263-A7D7-0B9597B60CEE}.Release|Any CPU.ActiveCfg = Release|Any CPU
		{3E71C6A7-91AD-4263-A7D7-0B9597B60CEE}.Release|Any CPU.Build.0 = Release|Any CPU
		{3E71C6A7-91AD-4263-A7D7-0B9597B60CEE}.Release|Any CPU.Deploy.0 = Release|Any CPU
		{3E71C6A7-91AD-4263-A7D7-0B9597B60CEE}.Release|ARM.ActiveCfg = Release|ARM
		{3E71C6A7-91AD-4263-A7D7-0B9597B60CEE}.Release|ARM.Build.0 = Release|ARM
		{3E71C6A7-91AD-4263-A7D7-0B9597B60CEE}.Release|ARM.Deploy.0 = Release|ARM
		{3E71C6A7-91AD-4263-A7D7-0B9597B60CEE}.Release|iPhone.ActiveCfg = Release|Any CPU
		{3E71C6A7-91AD-4263-A7D7-0B9597B60CEE}.Release|iPhone.Build.0 = Release|Any CPU
		{3E71C6A7-91AD-4263-A7D7-0B9597B60CEE}.Release|iPhone.Deploy.0 = Release|Any CPU
		{3E71C6A7-91AD-4263-A7D7-0B9597B60CEE}.Release|iPhoneSimulator.ActiveCfg = Release|Any CPU
		{3E71C6A7-91AD-4263-A7D7-0B9597B60CEE}.Release|iPhoneSimulator.Build.0 = Release|Any CPU
		{3E71C6A7-91AD-4263-A7D7-0B9597B60CEE}.Release|iPhoneSimulator.Deploy.0 = Release|Any CPU
		{3E71C6A7-91AD-4263-A7D7-0B9597B60CEE}.Release|x86.ActiveCfg = Release|x86
		{3E71C6A7-91AD-4263-A7D7-0B9597B60CEE}.Release|x86.Build.0 = Release|x86
		{3E71C6A7-91AD-4263-A7D7-0B9597B60CEE}.Release|x86.Deploy.0 = Release|x86
		{AC881C70-4AB4-4753-B08A-4AACABCDB48F}.Debug|Any CPU.ActiveCfg = Debug|Any CPU
		{AC881C70-4AB4-4753-B08A-4AACABCDB48F}.Debug|Any CPU.Build.0 = Debug|Any CPU
		{AC881C70-4AB4-4753-B08A-4AACABCDB48F}.Debug|ARM.ActiveCfg = Debug|Any CPU
		{AC881C70-4AB4-4753-B08A-4AACABCDB48F}.Debug|ARM.Build.0 = Debug|Any CPU
		{AC881C70-4AB4-4753-B08A-4AACABCDB48F}.Debug|iPhone.ActiveCfg = Debug|Any CPU
		{AC881C70-4AB4-4753-B08A-4AACABCDB48F}.Debug|iPhone.Build.0 = Debug|Any CPU
		{AC881C70-4AB4-4753-B08A-4AACABCDB48F}.Debug|iPhoneSimulator.ActiveCfg = Debug|Any CPU
		{AC881C70-4AB4-4753-B08A-4AACABCDB48F}.Debug|iPhoneSimulator.Build.0 = Debug|Any CPU
		{AC881C70-4AB4-4753-B08A-4AACABCDB48F}.Debug|x86.ActiveCfg = Debug|Any CPU
		{AC881C70-4AB4-4753-B08A-4AACABCDB48F}.Debug|x86.Build.0 = Debug|Any CPU
		{AC881C70-4AB4-4753-B08A-4AACABCDB48F}.Release|Any CPU.ActiveCfg = Release|Any CPU
		{AC881C70-4AB4-4753-B08A-4AACABCDB48F}.Release|Any CPU.Build.0 = Release|Any CPU
		{AC881C70-4AB4-4753-B08A-4AACABCDB48F}.Release|ARM.ActiveCfg = Release|Any CPU
		{AC881C70-4AB4-4753-B08A-4AACABCDB48F}.Release|ARM.Build.0 = Release|Any CPU
		{AC881C70-4AB4-4753-B08A-4AACABCDB48F}.Release|iPhone.ActiveCfg = Release|Any CPU
		{AC881C70-4AB4-4753-B08A-4AACABCDB48F}.Release|iPhone.Build.0 = Release|Any CPU
		{AC881C70-4AB4-4753-B08A-4AACABCDB48F}.Release|iPhoneSimulator.ActiveCfg = Release|Any CPU
		{AC881C70-4AB4-4753-B08A-4AACABCDB48F}.Release|iPhoneSimulator.Build.0 = Release|Any CPU
		{AC881C70-4AB4-4753-B08A-4AACABCDB48F}.Release|x86.ActiveCfg = Release|Any CPU
		{AC881C70-4AB4-4753-B08A-4AACABCDB48F}.Release|x86.Build.0 = Release|Any CPU
	EndGlobalSection
	GlobalSection(SolutionProperties) = preSolution
		HideSolutionNode = FALSE
	EndGlobalSection
EndGlobal
